# THIS IS AN AUTOGENERATED FILE. DO NOT EDIT THIS FILE DIRECTLY.
# yarn lockfile v1


"@cardano-foundation/ledgerjs-hw-app-cardano@^5.0.0":
  version "5.0.0"
  resolved "https://registry.yarnpkg.com/@cardano-foundation/ledgerjs-hw-app-cardano/-/ledgerjs-hw-app-cardano-5.0.0.tgz#38d929abe7946a418d6c9788895a3114e6f7e293"
  integrity sha512-7hGGG1WqDnNCizg//UGBljDyM3qT9/MFdfH8vrnR3M1EQ34PzKgkqWlrQe245EwzHEpvOb7d7hjWvtrK8psNdQ==
  dependencies:
    "@ledgerhq/hw-transport" "^5.12.0"
    "@types/ledgerhq__hw-transport" "^4.21.3"
    base-x "^3.0.5"
    bech32 "^1.1.4"
    blake2 "^4.0.2"
    int64-buffer "^1.0.1"

"@emurgo/cross-csl-core@1.0.0":
  version "1.0.0"
  resolved "https://registry.yarnpkg.com/@emurgo/cross-csl-core/-/cross-csl-core-1.0.0.tgz#9569d2e82ff222e427cf3c2e5a7e4437bfbfc3fb"
  integrity sha512-kSmZaDjEon6yCA7koBGT43wMtyY2tiC99x2ViQypB3nfGv5UAg1feJAkEgekKBlPxZ2cWN4ZEtyg/4TtfK2cmA==
  dependencies:
    "@cardano-foundation/ledgerjs-hw-app-cardano" "^5.0.0"
    axios "^0.24.0"
    bech32 "^2.0.0"
    bignumber.js "^9.0.1"
    blake2b "^2.1.4"
    hash-wasm "^4.9.0"

"@emurgo/react-native-haskell-shelley@3.1.4":
  version "3.1.4"
  resolved "https://registry.yarnpkg.com/@emurgo/react-native-haskell-shelley/-/react-native-haskell-shelley-3.1.4.tgz#fa7c4997125fde97978ee1e42d19e6f51102deb4"
  integrity sha512-cxI1XVsSdAR8EXnTSKI8pstmVmFtnlY40tl9HFf1Om0e0stJuX+UF1K4ilfrkTyOd/0YhBM5Mm2t0woP8Xgbpg==
  dependencies:
    base-64 "0.1.0"

"@ledgerhq/devices@^5.51.1":
  version "5.51.1"
  resolved "https://registry.yarnpkg.com/@ledgerhq/devices/-/devices-5.51.1.tgz#d741a4a5d8f17c2f9d282fd27147e6fe1999edb7"
  integrity sha512-4w+P0VkbjzEXC7kv8T1GJ/9AVaP9I6uasMZ/JcdwZBS3qwvKo5A5z9uGhP5c7TvItzcmPb44b5Mw2kT+WjUuAA==
  dependencies:
    "@ledgerhq/errors" "^5.50.0"
    "@ledgerhq/logs" "^5.50.0"
    rxjs "6"
    semver "^7.3.5"

"@ledgerhq/errors@^5.50.0":
  version "5.50.0"
  resolved "https://registry.yarnpkg.com/@ledgerhq/errors/-/errors-5.50.0.tgz#e3a6834cb8c19346efca214c1af84ed28e69dad9"
  integrity sha512-gu6aJ/BHuRlpU7kgVpy2vcYk6atjB4iauP2ymF7Gk0ez0Y/6VSMVSJvubeEQN+IV60+OBK0JgeIZG7OiHaw8ow==

"@ledgerhq/hw-transport@^5.12.0":
  version "5.51.1"
  resolved "https://registry.yarnpkg.com/@ledgerhq/hw-transport/-/hw-transport-5.51.1.tgz#8dd14a8e58cbee4df0c29eaeef983a79f5f22578"
  integrity sha512-6wDYdbWrw9VwHIcoDnqWBaDFyviyjZWv6H9vz9Vyhe4Qd7TIFmbTl/eWs6hZvtZBza9K8y7zD8ChHwRI4s9tSw==
  dependencies:
    "@ledgerhq/devices" "^5.51.1"
    "@ledgerhq/errors" "^5.50.0"
    events "^3.3.0"

"@ledgerhq/logs@^5.50.0":
  version "5.50.0"
  resolved "https://registry.yarnpkg.com/@ledgerhq/logs/-/logs-5.50.0.tgz#29c6419e8379d496ab6d0426eadf3c4d100cd186"
  integrity sha512-swKHYCOZUGyVt4ge0u8a7AwNcA//h4nx5wIi0sruGye1IJ5Cva0GyK9L2/WdX+kWVTKp92ZiEo1df31lrWGPgA==

"@types/ledgerhq__hw-transport@^4.21.3":
  version "4.21.4"
  resolved "https://registry.yarnpkg.com/@types/ledgerhq__hw-transport/-/ledgerhq__hw-transport-4.21.4.tgz#3a78a02d2b51d2b0dd8099412d5567d21118225c"
  integrity sha512-vep+6yZnGv6owAthIY0w3f72w4dJIb4+yE5PCHveInTlZE9wukvU6Wc5Eig0OUUxcdhTazzeZx1xUaNVLqyQSg==
  dependencies:
    "@types/node" "*"

"@types/node@*":
  version "18.7.14"
  resolved "https://registry.yarnpkg.com/@types/node/-/node-18.7.14.tgz#0fe081752a3333392d00586d815485a17c2cf3c9"
  integrity sha512-6bbDaETVi8oyIARulOE9qF1/Qdi/23z6emrUh0fNJRUmjznqrixD4MpGDdgOFk5Xb0m2H6Xu42JGdvAxaJR/wA==

axios@^0.24.0:
  version "0.24.0"
  resolved "https://registry.yarnpkg.com/axios/-/axios-0.24.0.tgz#804e6fa1e4b9c5288501dd9dff56a7a0940d20d6"
  integrity sha512-Q6cWsys88HoPgAaFAVUb0WpPk0O8iTeisR9IMqy9G8AbO4NlpVknrnQS03zzF9PGAWgO3cgletO3VjV/P7VztA==
  dependencies:
    follow-redirects "^1.14.4"

b4a@^1.0.1:
  version "1.6.0"
  resolved "https://registry.yarnpkg.com/b4a/-/b4a-1.6.0.tgz#5430a9cac1af388910dd1a1c1aa9d3a0a796ed68"
  integrity sha512-fsTxXxj1081Yq5MOQ06gZ5+e2QcSyP2U6NofdOWyq+lrNI4IjkZ+fLVmoQ6uUCiNg1NWePMMVq93vOTdbJmErw==

base-64@0.1.0:
  version "0.1.0"
  resolved "https://registry.yarnpkg.com/base-64/-/base-64-0.1.0.tgz#780a99c84e7d600260361511c4877613bf24f6bb"
  integrity sha512-Y5gU45svrR5tI2Vt/X9GPd3L0HNIKzGu202EjxrXMpuc2V2CiKgemAbUUsqYmZJvPtCXoUKjNZwBJzsNScUbXA==

base-x@^3.0.5:
  version "3.0.9"
  resolved "https://registry.yarnpkg.com/base-x/-/base-x-3.0.9.tgz#6349aaabb58526332de9f60995e548a53fe21320"
  integrity sha512-H7JU6iBHTal1gp56aKoaa//YUxEaAOUiydvrV/pILqIHXTtqxSkATOnDA2u+jZ/61sD+L/412+7kzXRtWukhpQ==
  dependencies:
    safe-buffer "^5.0.1"

bech32@^1.1.4:
  version "1.1.4"
  resolved "https://registry.yarnpkg.com/bech32/-/bech32-1.1.4.tgz#e38c9f37bf179b8eb16ae3a772b40c356d4832e9"
  integrity sha512-s0IrSOzLlbvX7yp4WBfPITzpAU8sqQcpsmwXDiKwrG4r491vwCO/XpejasRNl0piBMe/DvP4Tz0mIS/X1DPJBQ==

bech32@^2.0.0:
  version "2.0.0"
  resolved "https://registry.yarnpkg.com/bech32/-/bech32-2.0.0.tgz#078d3686535075c8c79709f054b1b226a133b355"
  integrity sha512-LcknSilhIGatDAsY1ak2I8VtGaHNhgMSYVxFrGLXv+xLHytaKZKcaUJJUE7qmBr7h33o5YQwP55pMI0xmkpJwg==

bignumber.js@^9.0.1:
  version "9.1.0"
  resolved "https://registry.yarnpkg.com/bignumber.js/-/bignumber.js-9.1.0.tgz#8d340146107fe3a6cb8d40699643c302e8773b62"
  integrity sha512-4LwHK4nfDOraBCtst+wOWIHbu1vhvAPJK8g8nROd4iuc3PSEjWif/qwbkh8jwCJz6yDBvtU4KPynETgrfh7y3A==

blake2@^4.0.2:
  version "4.1.1"
  resolved "https://registry.yarnpkg.com/blake2/-/blake2-4.1.1.tgz#0c23524776ebbf76b3ffecb6fa73422a33f20526"
  integrity sha512-HUmkY0MUDUVgejJVNrpNKAva8C4IWD/Rd862sdexoSibu86b6iu0gO0/RjovO2lM5+w6JqjIEmkuAgGhfHlnJw==
  dependencies:
    nan "^2.15.0"

blake2b-wasm@^2.4.0:
  version "2.4.0"
  resolved "https://registry.yarnpkg.com/blake2b-wasm/-/blake2b-wasm-2.4.0.tgz#9115649111edbbd87eb24ce7c04b427e4e2be5be"
  integrity sha512-S1kwmW2ZhZFFFOghcx73+ZajEfKBqhP82JMssxtLVMxlaPea1p9uoLiUZ5WYyHn0KddwbLc+0vh4wR0KBNoT5w==
  dependencies:
    b4a "^1.0.1"
    nanoassert "^2.0.0"

blake2b@^2.1.4:
  version "2.1.4"
  resolved "https://registry.yarnpkg.com/blake2b/-/blake2b-2.1.4.tgz#817d278526ddb4cd673bfb1af16d1ad61e393ba3"
  integrity sha512-AyBuuJNI64gIvwx13qiICz6H6hpmjvYS5DGkG6jbXMOT8Z3WUJ3V1X0FlhIoT1b/5JtHE3ki+xjtMvu1nn+t9A==
  dependencies:
    blake2b-wasm "^2.4.0"
    nanoassert "^2.0.0"

events@^3.3.0:
  version "3.3.0"
  resolved "https://registry.yarnpkg.com/events/-/events-3.3.0.tgz#31a95ad0a924e2d2c419a813aeb2c4e878ea7400"
  integrity sha512-mQw+2fkQbALzQ7V0MY0IqdnXNOeTtP4r0lN9z7AAawCXgqea7bDii20AYrIBrFd/Hx0M2Ocz6S111CaFkUcb0Q==

follow-redirects@^1.14.4:
  version "1.15.1"
  resolved "https://registry.yarnpkg.com/follow-redirects/-/follow-redirects-1.15.1.tgz#0ca6a452306c9b276e4d3127483e29575e207ad5"
  integrity sha512-yLAMQs+k0b2m7cVxpS1VKJVvoz7SS9Td1zss3XRwXj+ZDH00RJgnuLx7E44wx02kQLrdM3aOOy+FpzS7+8OizA==

hash-wasm@^4.9.0:
  version "4.9.0"
  resolved "https://registry.yarnpkg.com/hash-wasm/-/hash-wasm-4.9.0.tgz#7e9dcc9f7d6bd0cc802f2a58f24edce999744206"
  integrity sha512-7SW7ejyfnRxuOc7ptQHSf4LDoZaWOivfzqw+5rpcQku0nHfmicPKE51ra9BiRLAmT8+gGLestr1XroUkqdjL6w==

int64-buffer@^1.0.1:
  version "1.0.1"
  resolved "https://registry.yarnpkg.com/int64-buffer/-/int64-buffer-1.0.1.tgz#c78d841b444cadf036cd04f8683696c740f15dca"
  integrity sha512-+3azY4pXrjAupJHU1V9uGERWlhoqNswJNji6aD/02xac7oxol508AsMC5lxKhEqyZeDFy3enq5OGWXF4u75hiw==

lru-cache@^6.0.0:
  version "6.0.0"
  resolved "https://registry.yarnpkg.com/lru-cache/-/lru-cache-6.0.0.tgz#6d6fe6570ebd96aaf90fcad1dafa3b2566db3a94"
  integrity sha512-Jo6dJ04CmSjuznwJSS3pUeWmd/H0ffTlkXXgwZi+eq1UCmqQwCh+eLsYOYCwY991i2Fah4h1BEMCx4qThGbsiA==
  dependencies:
    yallist "^4.0.0"

nan@^2.15.0:
  version "2.16.0"
  resolved "https://registry.yarnpkg.com/nan/-/nan-2.16.0.tgz#664f43e45460fb98faf00edca0bb0d7b8dce7916"
  integrity sha512-UdAqHyFngu7TfQKsCBgAA6pWDkT8MAO7d0jyOecVhN5354xbLqdn8mV9Tat9gepAupm0bt2DbeaSC8vS52MuFA==

nanoassert@^2.0.0:
  version "2.0.0"
  resolved "https://registry.yarnpkg.com/nanoassert/-/nanoassert-2.0.0.tgz#a05f86de6c7a51618038a620f88878ed1e490c09"
  integrity sha512-7vO7n28+aYO4J+8w96AzhmU8G+Y/xpPDJz/se19ICsqj/momRbb9mh9ZUtkoJ5X3nTnPdhEJyc0qnM6yAsHBaA==

rxjs@6:
  version "6.6.7"
  resolved "https://registry.yarnpkg.com/rxjs/-/rxjs-6.6.7.tgz#90ac018acabf491bf65044235d5863c4dab804c9"
  integrity sha512-hTdwr+7yYNIT5n4AMYp85KA6yw2Va0FLa3Rguvbpa4W3I5xynaBZo41cM3XM+4Q6fRMj3sBYIR1VAmZMXYJvRQ==
  dependencies:
    tslib "^1.9.0"

safe-buffer@^5.0.1:
  version "5.2.1"
  resolved "https://registry.yarnpkg.com/safe-buffer/-/safe-buffer-5.2.1.tgz#1eaf9fa9bdb1fdd4ec75f58f9cdb4e6b7827eec6"
  integrity sha512-rp3So07KcdmmKbGvgaNxQSJr7bGVSVk5S9Eq1F+ppbRo70+YeaDxkw5Dd8NPN+GD6bjnYm2VuPuCXmpuYvmCXQ==

semver@^7.3.5:
  version "7.3.7"
  resolved "https://registry.yarnpkg.com/semver/-/semver-7.3.7.tgz#12c5b649afdbf9049707796e22a4028814ce523f"
  integrity sha512-QlYTucUYOews+WeEujDoEGziz4K6c47V/Bd+LjSSYcA94p+DmINdf7ncaUinThfvZyu13lN9OY1XDxt8C0Tw0g==
  dependencies:
    lru-cache "^6.0.0"

tslib@^1.9.0:
  version "1.14.1"
  resolved "https://registry.yarnpkg.com/tslib/-/tslib-1.14.1.tgz#cf2d38bdc34a134bcaf1091c41f6619e2f672d00"
  integrity sha512-Xni35NKzjgMrwevysHTCArtLDpPvye8zV/0E4EyYn43P7/7qvQwPh9BGkHewbMulVntbigmcT7rdX3BNo9wRJg==

typescript@^4.4.4:
  version "4.8.2"
  resolved "https://registry.yarnpkg.com/typescript/-/typescript-4.8.2.tgz#e3b33d5ccfb5914e4eeab6699cf208adee3fd790"
  integrity sha512-C0I1UsrrDHo2fYI5oaCGbSejwX4ch+9Y5jTQELvovfmFkK3HHSZJB8MSJcWLmCUBzQBchCrZ9rMRV6GuNrvGtw==

yallist@^4.0.0:
  version "4.0.0"
  resolved "https://registry.yarnpkg.com/yallist/-/yallist-4.0.0.tgz#9bb92790d9c0effec63be73519e11a35019a3a72"
  integrity sha512-3wdGidZyq5PB084XLES5TpOSRA3wjXAlIWMhum2kRcv/41Sn2emQ0dycQW4uZXLejwKvg6EsvbdlVL+FYEct7A==
