# THIS IS AN AUTOGENERATED FILE. DO NOT EDIT THIS FILE DIRECTLY.
# yarn lockfile v1


"@emurgo/cardano-serialization-lib-nodejs@^8.1.0":
  version "8.1.0"
  resolved "https://registry.yarnpkg.com/@emurgo/cardano-serialization-lib-nodejs/-/cardano-serialization-lib-nodejs-8.1.0.tgz#76b0bfbec1eda4fe185de621c7b948f018e07319"
  integrity sha512-BH8MhQQt+BDqWM4Yqa9Asn/vhJJLxi43pp7Crq6bdQuj2NOT2F6e3nhdLS2KJhvb47YGFdg0pnvGaH+TCmUoIA==
