# THIS IS AN AUTOGENERATED FILE. DO NOT EDIT THIS FILE DIRECTLY.
# yarn lockfile v1


"@emurgo/react-native-haskell-shelley@^3.1.0":
  version "3.1.0"
  resolved "https://registry.yarnpkg.com/@emurgo/react-native-haskell-shelley/-/react-native-haskell-shelley-3.1.0.tgz#dcac019593036936188cff95aba1cb0733905dc5"
  integrity sha512-cujtOckcTpu+DtbOdJfqxt0y/UqOgHqVFNYlldB/Sn2f2fk9IWDgtIdqT1BcVUJh1BNU3CEKAo6uq/UwpIs5OQ==
  dependencies:
    base-64 "0.1.0"

base-64@0.1.0:
  version "0.1.0"
  resolved "https://registry.yarnpkg.com/base-64/-/base-64-0.1.0.tgz#780a99c84e7d600260361511c4877613bf24f6bb"
  integrity sha1-eAqZyE59YAJgNhURxId2E78k9rs=
