# THIS IS AN AUTOGENERATED FILE. DO NOT EDIT THIS FILE DIRECTLY.
# yarn lockfile v1


"@emurgo/react-native-haskell-shelley@2.0.0":
  version "2.0.0"
  resolved "https://registry.yarnpkg.com/@emurgo/react-native-haskell-shelley/-/react-native-haskell-shelley-2.0.0.tgz#7d1591c6ca9d904a68e7e7edcb700ac6660c5864"
  integrity sha512-vs5TX6Bv4cPxtyXQlxxoA8oThouaBNzqamJ34Tog5Gy3rtf24g4xCWxhdD2coIGid80Mi9qfV5NE38NYIOOlag==
  dependencies:
    base-64 "0.1.0"

base-64@0.1.0:
  version "0.1.0"
  resolved "https://registry.yarnpkg.com/base-64/-/base-64-0.1.0.tgz#780a99c84e7d600260361511c4877613bf24f6bb"
  integrity sha1-eAqZyE59YAJgNhURxId2E78k9rs=
