# THIS IS AN AUTOGENERATED FILE. DO NOT EDIT THIS FILE DIRECTLY.
# yarn lockfile v1


"@emurgo/react-native-haskell-shelley@3.1.3":
  version "3.1.3"
  resolved "https://registry.yarnpkg.com/@emurgo/react-native-haskell-shelley/-/react-native-haskell-shelley-3.1.3.tgz#5f6ad9cb35e184b0965595e5e261f39f36e93832"
  integrity sha512-LDKu85h/gBGAOcn3NaC9UkJp4ChM/4CDpgBg0o0Wi7JORuC2RHpXd2kEMcPVXSYaDnpGz33/8+MV0Gh3Pq/Ong==
  dependencies:
    base-64 "0.1.0"

"@emurgo/yoroi-lib-core@0.4.2-alpha.29":
  version "0.4.2-alpha.29"
  resolved "https://registry.yarnpkg.com/@emurgo/yoroi-lib-core/-/yoroi-lib-core-0.4.2-alpha.29.tgz#39ab11ba013d91434e2366f58ecf9e894a935074"
  integrity sha512-PG8xh1gG1urUMtPFRH5mexdhyO3VHYb3XCguGtMj6WOoy6m2YgWTgGF1yzksr4xOp8mfKOZKqYBKo/t2jpgwQA==
  dependencies:
    axios "^0.24.0"
    bignumber.js "^9.0.1"
    hash-wasm "^4.9.0"

axios@^0.24.0:
  version "0.24.0"
  resolved "https://registry.yarnpkg.com/axios/-/axios-0.24.0.tgz#804e6fa1e4b9c5288501dd9dff56a7a0940d20d6"
  integrity sha512-Q6cWsys88HoPgAaFAVUb0WpPk0O8iTeisR9IMqy9G8AbO4NlpVknrnQS03zzF9PGAWgO3cgletO3VjV/P7VztA==
  dependencies:
    follow-redirects "^1.14.4"

base-64@0.1.0:
  version "0.1.0"
  resolved "https://registry.yarnpkg.com/base-64/-/base-64-0.1.0.tgz#780a99c84e7d600260361511c4877613bf24f6bb"
  integrity sha1-eAqZyE59YAJgNhURxId2E78k9rs=

bignumber.js@^9.0.1:
  version "9.0.2"
  resolved "https://registry.yarnpkg.com/bignumber.js/-/bignumber.js-9.0.2.tgz#71c6c6bed38de64e24a65ebe16cfcf23ae693673"
  integrity sha512-GAcQvbpsM0pUb0zw1EI0KhQEZ+lRwR5fYaAp3vPOYuP7aDvGy6cVN6XHLauvF8SOga2y0dcLcjt3iQDTSEliyw==

follow-redirects@^1.14.4:
  version "1.14.7"
  resolved "https://registry.yarnpkg.com/follow-redirects/-/follow-redirects-1.14.7.tgz#2004c02eb9436eee9a21446a6477debf17e81685"
  integrity sha512-+hbxoLbFMbRKDwohX8GkTataGqO6Jb7jGwpAlwgy2bIz25XtRm7KEzJM76R1WiNT5SwZkX4Y75SwBolkpmE7iQ==

hash-wasm@^4.9.0:
  version "4.9.0"
  resolved "https://registry.yarnpkg.com/hash-wasm/-/hash-wasm-4.9.0.tgz#7e9dcc9f7d6bd0cc802f2a58f24edce999744206"
  integrity sha512-7SW7ejyfnRxuOc7ptQHSf4LDoZaWOivfzqw+5rpcQku0nHfmicPKE51ra9BiRLAmT8+gGLestr1XroUkqdjL6w==

typescript@^4.4.4:
  version "4.4.4"
  resolved "https://registry.yarnpkg.com/typescript/-/typescript-4.4.4.tgz#2cd01a1a1f160704d3101fd5a58ff0f9fcb8030c"
  integrity sha512-DqGhF5IKoBl8WNf8C1gu8q0xZSInh9j1kJJMqT3a94w1JzVaBU4EXOSMrz9yDqMT0xt3selp83fuFMQ0uzv6qA==
