# THIS IS AN AUTOGENERATED FILE. DO NOT EDIT THIS FILE DIRECTLY.
# yarn lockfile v1


"@emurgo/cardano-serialization-lib-browser@^8.1.0":
  version "8.1.0"
  resolved "https://registry.yarnpkg.com/@emurgo/cardano-serialization-lib-browser/-/cardano-serialization-lib-browser-8.1.0.tgz#e6e7b1f679bceb259b62b8a52180ccca41ca76a4"
  integrity sha512-WvcVBJO1+YLMEymoYf/Y7Hqp7WTVDvqROwS4smcXYeJiGlTlTJRtiXEymOXBc29LrtOT+BE3cZogQdIwUWTpyA==

"@types/node@^16.9.2":
  version "16.9.2"
  resolved "https://registry.yarnpkg.com/@types/node/-/node-16.9.2.tgz#81f5a039d6ed1941f8cc57506c74e7c2b8fc64b9"
  integrity sha512-ZHty/hKoOLZvSz6BtP1g7tc7nUeJhoCf3flLjh8ZEv1vFKBWHXcnMbJMyN/pftSljNyy0kNW/UqI3DccnBnZ8w==
