# THIS IS AN AUTOGENERATED FILE. DO NOT EDIT THIS FILE DIRECTLY.
# yarn lockfile v1


"@emurgo/cardano-serialization-lib-browser@^9.1.0":
  version "9.1.0"
  resolved "https://registry.yarnpkg.com/@emurgo/cardano-serialization-lib-browser/-/cardano-serialization-lib-browser-9.1.0.tgz#2a80800608877555d1ff52ed839e7f2c8b1ace95"
  integrity sha512-FaNW/RalB/BPYvQbum0zkUcMxd+jKvsdwvT93GErKd/owE9W4IKhQfqI9icDZSphqFFPkDqHms2VE4XT4P7gDA==

"@types/node@^16.9.2":
  version "16.9.2"
  resolved "https://registry.yarnpkg.com/@types/node/-/node-16.9.2.tgz#81f5a039d6ed1941f8cc57506c74e7c2b8fc64b9"
  integrity sha512-ZHty/hKoOLZvSz6BtP1g7tc7nUeJhoCf3flLjh8ZEv1vFKBWHXcnMbJMyN/pftSljNyy0kNW/UqI3DccnBnZ8w==
